
Microsoft Visual Studio Solution File, Format Version 12.00
# Visual Studio Version 16
VisualStudioVersion = 16.0.29806.167
MinimumVisualStudioVersion = 10.0.40219.1
Project("{FAE04EC0-301F-11D3-BF4B-00C04F79EFBC}") = "ClassObject", "ClassObject.csproj", "{6A75E349-65FB-4375-A80E-20F98D24E7F5}"
EndProject
Global
	GlobalSection(SolutionConfigurationPlatforms) = preSolution
		Debug|Any CPU = Debug|Any CPU
		Release|Any CPU = Release|Any CPU
	EndGlobalSection
	GlobalSection(ProjectConfigurationPlatforms) = postSolution
		{6A75E349-65FB-4375-A80E-20F98D24E7F5}.Debug|Any CPU.ActiveCfg = Debug|Any CPU
		{6A75E349-65FB-4375-A80E-20F98D24E7F5}.Debug|Any CPU.Build.0 = Debug|Any CPU
		{6A75E349-65FB-4375-A80E-20F98D24E7F5}.Release|Any CPU.ActiveCfg = Release|Any CPU
		{6A75E349-65FB-4375-A80E-20F98D24E7F5}.Release|Any CPU.Build.0 = Release|Any CPU
	EndGlobalSection
	GlobalSection(SolutionProperties) = preSolution
		HideSolutionNode = FALSE
	EndGlobalSection
	GlobalSection(ExtensibilityGlobals) = postSolution
		SolutionGuid = {BAEAB9FF-EF41-46AF-8D41-E4ECE6434216}
	EndGlobalSection
EndGlobal
